{
  "pid": 1018,
  "version": "2.1.209",
  "jsonPath": "/home/bhson/.claude/daemon.json",
  "logPath": "/home/bhson/.claude/daemon.log",
  "startedAt": 1784067601690,
  "origin": "transient",
  "spawnedBy": {
    "label": "claude",
    "cwd": "/home/bhson",
    "pid": 923
  },
  "procStart": "16576",
  "launchTarget": "/home/bhson/.local/share/claude/versions/2.1.209",
  "processWrapper": ""
}